{
  "name": "clubtree-react",
  "version": "1.0.0",
  "dependencies": {
    "accepts": {
      "version": "1.3.3",
      "from": "accepts@https://registry.npmjs.org/accepts/-/accepts-1.3.3.tgz",
      "resolved": "https://registry.npmjs.org/accepts/-/accepts-1.3.3.tgz"
    },
    "array-flatten": {
      "version": "1.1.1",
      "from": "array-flatten@https://registry.npmjs.org/array-flatten/-/array-flatten-1.1.1.tgz",
      "resolved": "https://registry.npmjs.org/array-flatten/-/array-flatten-1.1.1.tgz"
    },
    "async": {
      "version": "2.1.4",
      "from": "async@https://registry.npmjs.org/async/-/async-2.1.4.tgz",
      "resolved": "https://registry.npmjs.org/async/-/async-2.1.4.tgz"
    },
    "basic-auth": {
      "version": "1.0.4",
      "from": "basic-auth@https://registry.npmjs.org/basic-auth/-/basic-auth-1.0.4.tgz",
      "resolved": "https://registry.npmjs.org/basic-auth/-/basic-auth-1.0.4.tgz"
    },
    "body-parser": {
      "version": "1.15.2",
      "from": "body-parser@https://registry.npmjs.org/body-parser/-/body-parser-1.15.2.tgz",
      "resolved": "https://registry.npmjs.org/body-parser/-/body-parser-1.15.2.tgz"
    },
    "bson": {
      "version": "1.0.4",
      "from": "bson@https://registry.npmjs.org/bson/-/bson-1.0.4.tgz",
      "resolved": "https://registry.npmjs.org/bson/-/bson-1.0.4.tgz"
    },
    "buffer-shims": {
      "version": "1.0.0",
      "from": "buffer-shims@https://registry.npmjs.org/buffer-shims/-/buffer-shims-1.0.0.tgz",
      "resolved": "https://registry.npmjs.org/buffer-shims/-/buffer-shims-1.0.0.tgz"
    },
    "bytes": {
      "version": "2.4.0",
      "from": "bytes@https://registry.npmjs.org/bytes/-/bytes-2.4.0.tgz",
      "resolved": "https://registry.npmjs.org/bytes/-/bytes-2.4.0.tgz"
    },
    "content-disposition": {
      "version": "0.5.2",
      "from": "content-disposition@https://registry.npmjs.org/content-disposition/-/content-disposition-0.5.2.tgz",
      "resolved": "https://registry.npmjs.org/content-disposition/-/content-disposition-0.5.2.tgz"
    },
    "content-type": {
      "version": "1.0.2",
      "from": "content-type@https://registry.npmjs.org/content-type/-/content-type-1.0.2.tgz",
      "resolved": "https://registry.npmjs.org/content-type/-/content-type-1.0.2.tgz"
    },
    "cookie": {
      "version": "0.3.1",
      "from": "cookie@https://registry.npmjs.org/cookie/-/cookie-0.3.1.tgz",
      "resolved": "https://registry.npmjs.org/cookie/-/cookie-0.3.1.tgz"
    },
    "cookie-parser": {
      "version": "1.4.3",
      "from": "cookie-parser@https://registry.npmjs.org/cookie-parser/-/cookie-parser-1.4.3.tgz",
      "resolved": "https://registry.npmjs.org/cookie-parser/-/cookie-parser-1.4.3.tgz"
    },
    "cookie-signature": {
      "version": "1.0.6",
      "from": "cookie-signature@https://registry.npmjs.org/cookie-signature/-/cookie-signature-1.0.6.tgz",
      "resolved": "https://registry.npmjs.org/cookie-signature/-/cookie-signature-1.0.6.tgz"
    },
    "core-util-is": {
      "version": "1.0.2",
      "from": "core-util-is@https://registry.npmjs.org/core-util-is/-/core-util-is-1.0.2.tgz",
      "resolved": "https://registry.npmjs.org/core-util-is/-/core-util-is-1.0.2.tgz"
    },
    "debug": {
      "version": "2.2.0",
      "from": "debug@https://registry.npmjs.org/debug/-/debug-2.2.0.tgz",
      "resolved": "https://registry.npmjs.org/debug/-/debug-2.2.0.tgz"
    },
    "depd": {
      "version": "1.1.0",
      "from": "depd@https://registry.npmjs.org/depd/-/depd-1.1.0.tgz",
      "resolved": "https://registry.npmjs.org/depd/-/depd-1.1.0.tgz"
    },
    "destroy": {
      "version": "1.0.4",
      "from": "destroy@https://registry.npmjs.org/destroy/-/destroy-1.0.4.tgz",
      "resolved": "https://registry.npmjs.org/destroy/-/destroy-1.0.4.tgz"
    },
    "ee-first": {
      "version": "1.1.1",
      "from": "ee-first@https://registry.npmjs.org/ee-first/-/ee-first-1.1.1.tgz",
      "resolved": "https://registry.npmjs.org/ee-first/-/ee-first-1.1.1.tgz"
    },
    "ejs": {
      "version": "2.5.7",
      "from": "ejs@https://registry.npmjs.org/ejs/-/ejs-2.5.7.tgz",
      "resolved": "https://registry.npmjs.org/ejs/-/ejs-2.5.7.tgz"
    },
    "encodeurl": {
      "version": "1.0.1",
      "from": "encodeurl@https://registry.npmjs.org/encodeurl/-/encodeurl-1.0.1.tgz",
      "resolved": "https://registry.npmjs.org/encodeurl/-/encodeurl-1.0.1.tgz"
    },
    "es6-promise": {
      "version": "3.2.1",
      "from": "es6-promise@https://registry.npmjs.org/es6-promise/-/es6-promise-3.2.1.tgz",
      "resolved": "https://registry.npmjs.org/es6-promise/-/es6-promise-3.2.1.tgz"
    },
    "escape-html": {
      "version": "1.0.3",
      "from": "escape-html@https://registry.npmjs.org/escape-html/-/escape-html-1.0.3.tgz",
      "resolved": "https://registry.npmjs.org/escape-html/-/escape-html-1.0.3.tgz"
    },
    "etag": {
      "version": "1.7.0",
      "from": "etag@https://registry.npmjs.org/etag/-/etag-1.7.0.tgz",
      "resolved": "https://registry.npmjs.org/etag/-/etag-1.7.0.tgz"
    },
    "express": {
      "version": "4.14.1",
      "from": "express@https://registry.npmjs.org/express/-/express-4.14.1.tgz",
      "resolved": "https://registry.npmjs.org/express/-/express-4.14.1.tgz"
    },
    "faker": {
      "version": "4.1.0",
      "from": "faker@latest",
      "resolved": "https://registry.npmjs.org/faker/-/faker-4.1.0.tgz"
    },
    "finalhandler": {
      "version": "0.5.1",
      "from": "finalhandler@https://registry.npmjs.org/finalhandler/-/finalhandler-0.5.1.tgz",
      "resolved": "https://registry.npmjs.org/finalhandler/-/finalhandler-0.5.1.tgz"
    },
    "forwarded": {
      "version": "0.1.0",
      "from": "forwarded@https://registry.npmjs.org/forwarded/-/forwarded-0.1.0.tgz",
      "resolved": "https://registry.npmjs.org/forwarded/-/forwarded-0.1.0.tgz"
    },
    "fresh": {
      "version": "0.3.0",
      "from": "fresh@https://registry.npmjs.org/fresh/-/fresh-0.3.0.tgz",
      "resolved": "https://registry.npmjs.org/fresh/-/fresh-0.3.0.tgz"
    },
    "hooks-fixed": {
      "version": "2.0.0",
      "from": "hooks-fixed@https://registry.npmjs.org/hooks-fixed/-/hooks-fixed-2.0.0.tgz",
      "resolved": "https://registry.npmjs.org/hooks-fixed/-/hooks-fixed-2.0.0.tgz"
    },
    "http-errors": {
      "version": "1.5.1",
      "from": "http-errors@https://registry.npmjs.org/http-errors/-/http-errors-1.5.1.tgz",
      "resolved": "https://registry.npmjs.org/http-errors/-/http-errors-1.5.1.tgz"
    },
    "iconv-lite": {
      "version": "0.4.13",
      "from": "iconv-lite@https://registry.npmjs.org/iconv-lite/-/iconv-lite-0.4.13.tgz",
      "resolved": "https://registry.npmjs.org/iconv-lite/-/iconv-lite-0.4.13.tgz"
    },
    "inherits": {
      "version": "2.0.3",
      "from": "inherits@https://registry.npmjs.org/inherits/-/inherits-2.0.3.tgz",
      "resolved": "https://registry.npmjs.org/inherits/-/inherits-2.0.3.tgz"
    },
    "ipaddr.js": {
      "version": "1.3.0",
      "from": "ipaddr.js@https://registry.npmjs.org/ipaddr.js/-/ipaddr.js-1.3.0.tgz",
      "resolved": "https://registry.npmjs.org/ipaddr.js/-/ipaddr.js-1.3.0.tgz"
    },
    "isarray": {
      "version": "1.0.0",
      "from": "isarray@https://registry.npmjs.org/isarray/-/isarray-1.0.0.tgz",
      "resolved": "https://registry.npmjs.org/isarray/-/isarray-1.0.0.tgz"
    },
    "kareem": {
      "version": "1.4.1",
      "from": "kareem@https://registry.npmjs.org/kareem/-/kareem-1.4.1.tgz",
      "resolved": "https://registry.npmjs.org/kareem/-/kareem-1.4.1.tgz"
    },
    "lodash": {
      "version": "4.17.4",
      "from": "lodash@https://registry.npmjs.org/lodash/-/lodash-4.17.4.tgz",
      "resolved": "https://registry.npmjs.org/lodash/-/lodash-4.17.4.tgz"
    },
    "media-typer": {
      "version": "0.3.0",
      "from": "media-typer@https://registry.npmjs.org/media-typer/-/media-typer-0.3.0.tgz",
      "resolved": "https://registry.npmjs.org/media-typer/-/media-typer-0.3.0.tgz"
    },
    "merge-descriptors": {
      "version": "1.0.1",
      "from": "merge-descriptors@https://registry.npmjs.org/merge-descriptors/-/merge-descriptors-1.0.1.tgz",
      "resolved": "https://registry.npmjs.org/merge-descriptors/-/merge-descriptors-1.0.1.tgz"
    },
    "methods": {
      "version": "1.1.2",
      "from": "methods@https://registry.npmjs.org/methods/-/methods-1.1.2.tgz",
      "resolved": "https://registry.npmjs.org/methods/-/methods-1.1.2.tgz"
    },
    "mime": {
      "version": "1.3.4",
      "from": "mime@https://registry.npmjs.org/mime/-/mime-1.3.4.tgz",
      "resolved": "https://registry.npmjs.org/mime/-/mime-1.3.4.tgz"
    },
    "mime-db": {
      "version": "1.27.0",
      "from": "mime-db@https://registry.npmjs.org/mime-db/-/mime-db-1.27.0.tgz",
      "resolved": "https://registry.npmjs.org/mime-db/-/mime-db-1.27.0.tgz"
    },
    "mime-types": {
      "version": "2.1.15",
      "from": "mime-types@https://registry.npmjs.org/mime-types/-/mime-types-2.1.15.tgz",
      "resolved": "https://registry.npmjs.org/mime-types/-/mime-types-2.1.15.tgz"
    },
    "mongoose": {
      "version": "4.11.1",
      "from": "mongoose@https://registry.npmjs.org/mongoose/-/mongoose-4.11.1.tgz",
      "resolved": "https://registry.npmjs.org/mongoose/-/mongoose-4.11.1.tgz",
      "dependencies": {
        "mongodb": {
          "version": "2.2.27",
          "from": "mongodb@https://registry.npmjs.org/mongodb/-/mongodb-2.2.27.tgz",
          "resolved": "https://registry.npmjs.org/mongodb/-/mongodb-2.2.27.tgz"
        },
        "mongodb-core": {
          "version": "2.1.11",
          "from": "mongodb-core@https://registry.npmjs.org/mongodb-core/-/mongodb-core-2.1.11.tgz",
          "resolved": "https://registry.npmjs.org/mongodb-core/-/mongodb-core-2.1.11.tgz"
        },
        "ms": {
          "version": "2.0.0",
          "from": "ms@https://registry.npmjs.org/ms/-/ms-2.0.0.tgz",
          "resolved": "https://registry.npmjs.org/ms/-/ms-2.0.0.tgz"
        }
      }
    },
    "morgan": {
      "version": "1.7.0",
      "from": "morgan@https://registry.npmjs.org/morgan/-/morgan-1.7.0.tgz",
      "resolved": "https://registry.npmjs.org/morgan/-/morgan-1.7.0.tgz"
    },
    "mpath": {
      "version": "0.3.0",
      "from": "mpath@https://registry.npmjs.org/mpath/-/mpath-0.3.0.tgz",
      "resolved": "https://registry.npmjs.org/mpath/-/mpath-0.3.0.tgz"
    },
    "mpromise": {
      "version": "0.5.5",
      "from": "mpromise@https://registry.npmjs.org/mpromise/-/mpromise-0.5.5.tgz",
      "resolved": "https://registry.npmjs.org/mpromise/-/mpromise-0.5.5.tgz"
    },
    "mquery": {
      "version": "2.3.1",
      "from": "mquery@https://registry.npmjs.org/mquery/-/mquery-2.3.1.tgz",
      "resolved": "https://registry.npmjs.org/mquery/-/mquery-2.3.1.tgz",
      "dependencies": {
        "bluebird": {
          "version": "2.10.2",
          "from": "bluebird@https://registry.npmjs.org/bluebird/-/bluebird-2.10.2.tgz",
          "resolved": "https://registry.npmjs.org/bluebird/-/bluebird-2.10.2.tgz"
        },
        "debug": {
          "version": "2.6.8",
          "from": "debug@https://registry.npmjs.org/debug/-/debug-2.6.8.tgz",
          "resolved": "https://registry.npmjs.org/debug/-/debug-2.6.8.tgz"
        },
        "ms": {
          "version": "2.0.0",
          "from": "ms@https://registry.npmjs.org/ms/-/ms-2.0.0.tgz",
          "resolved": "https://registry.npmjs.org/ms/-/ms-2.0.0.tgz"
        },
        "sliced": {
          "version": "0.0.5",
          "from": "sliced@https://registry.npmjs.org/sliced/-/sliced-0.0.5.tgz",
          "resolved": "https://registry.npmjs.org/sliced/-/sliced-0.0.5.tgz"
        }
      }
    },
    "ms": {
      "version": "0.7.1",
      "from": "ms@https://registry.npmjs.org/ms/-/ms-0.7.1.tgz",
      "resolved": "https://registry.npmjs.org/ms/-/ms-0.7.1.tgz"
    },
    "muri": {
      "version": "1.2.1",
      "from": "muri@https://registry.npmjs.org/muri/-/muri-1.2.1.tgz",
      "resolved": "https://registry.npmjs.org/muri/-/muri-1.2.1.tgz"
    },
    "negotiator": {
      "version": "0.6.1",
      "from": "negotiator@https://registry.npmjs.org/negotiator/-/negotiator-0.6.1.tgz",
      "resolved": "https://registry.npmjs.org/negotiator/-/negotiator-0.6.1.tgz"
    },
    "on-finished": {
      "version": "2.3.0",
      "from": "on-finished@https://registry.npmjs.org/on-finished/-/on-finished-2.3.0.tgz",
      "resolved": "https://registry.npmjs.org/on-finished/-/on-finished-2.3.0.tgz"
    },
    "on-headers": {
      "version": "1.0.1",
      "from": "on-headers@https://registry.npmjs.org/on-headers/-/on-headers-1.0.1.tgz",
      "resolved": "https://registry.npmjs.org/on-headers/-/on-headers-1.0.1.tgz"
    },
    "parseurl": {
      "version": "1.3.1",
      "from": "parseurl@https://registry.npmjs.org/parseurl/-/parseurl-1.3.1.tgz",
      "resolved": "https://registry.npmjs.org/parseurl/-/parseurl-1.3.1.tgz"
    },
    "path-to-regexp": {
      "version": "0.1.7",
      "from": "path-to-regexp@https://registry.npmjs.org/path-to-regexp/-/path-to-regexp-0.1.7.tgz",
      "resolved": "https://registry.npmjs.org/path-to-regexp/-/path-to-regexp-0.1.7.tgz"
    },
    "process-nextick-args": {
      "version": "1.0.7",
      "from": "process-nextick-args@https://registry.npmjs.org/process-nextick-args/-/process-nextick-args-1.0.7.tgz",
      "resolved": "https://registry.npmjs.org/process-nextick-args/-/process-nextick-args-1.0.7.tgz"
    },
    "proxy-addr": {
      "version": "1.1.4",
      "from": "proxy-addr@https://registry.npmjs.org/proxy-addr/-/proxy-addr-1.1.4.tgz",
      "resolved": "https://registry.npmjs.org/proxy-addr/-/proxy-addr-1.1.4.tgz"
    },
    "qs": {
      "version": "6.2.0",
      "from": "qs@https://registry.npmjs.org/qs/-/qs-6.2.0.tgz",
      "resolved": "https://registry.npmjs.org/qs/-/qs-6.2.0.tgz"
    },
    "range-parser": {
      "version": "1.2.0",
      "from": "range-parser@https://registry.npmjs.org/range-parser/-/range-parser-1.2.0.tgz",
      "resolved": "https://registry.npmjs.org/range-parser/-/range-parser-1.2.0.tgz"
    },
    "raw-body": {
      "version": "2.1.7",
      "from": "raw-body@https://registry.npmjs.org/raw-body/-/raw-body-2.1.7.tgz",
      "resolved": "https://registry.npmjs.org/raw-body/-/raw-body-2.1.7.tgz"
    },
    "readable-stream": {
      "version": "2.2.7",
      "from": "readable-stream@https://registry.npmjs.org/readable-stream/-/readable-stream-2.2.7.tgz",
      "resolved": "https://registry.npmjs.org/readable-stream/-/readable-stream-2.2.7.tgz"
    },
    "regexp-clone": {
      "version": "0.0.1",
      "from": "regexp-clone@https://registry.npmjs.org/regexp-clone/-/regexp-clone-0.0.1.tgz",
      "resolved": "https://registry.npmjs.org/regexp-clone/-/regexp-clone-0.0.1.tgz"
    },
    "require_optional": {
      "version": "1.0.1",
      "from": "require_optional@https://registry.npmjs.org/require_optional/-/require_optional-1.0.1.tgz",
      "resolved": "https://registry.npmjs.org/require_optional/-/require_optional-1.0.1.tgz"
    },
    "resolve-from": {
      "version": "2.0.0",
      "from": "resolve-from@https://registry.npmjs.org/resolve-from/-/resolve-from-2.0.0.tgz",
      "resolved": "https://registry.npmjs.org/resolve-from/-/resolve-from-2.0.0.tgz"
    },
    "safe-buffer": {
      "version": "5.1.1",
      "from": "safe-buffer@https://registry.npmjs.org/safe-buffer/-/safe-buffer-5.1.1.tgz",
      "resolved": "https://registry.npmjs.org/safe-buffer/-/safe-buffer-5.1.1.tgz"
    },
    "semver": {
      "version": "5.3.0",
      "from": "semver@https://registry.npmjs.org/semver/-/semver-5.3.0.tgz",
      "resolved": "https://registry.npmjs.org/semver/-/semver-5.3.0.tgz"
    },
    "send": {
      "version": "0.14.2",
      "from": "send@https://registry.npmjs.org/send/-/send-0.14.2.tgz",
      "resolved": "https://registry.npmjs.org/send/-/send-0.14.2.tgz",
      "dependencies": {
        "ms": {
          "version": "0.7.2",
          "from": "ms@https://registry.npmjs.org/ms/-/ms-0.7.2.tgz",
          "resolved": "https://registry.npmjs.org/ms/-/ms-0.7.2.tgz"
        }
      }
    },
    "serve-favicon": {
      "version": "2.3.2",
      "from": "serve-favicon@https://registry.npmjs.org/serve-favicon/-/serve-favicon-2.3.2.tgz",
      "resolved": "https://registry.npmjs.org/serve-favicon/-/serve-favicon-2.3.2.tgz",
      "dependencies": {
        "ms": {
          "version": "0.7.2",
          "from": "ms@https://registry.npmjs.org/ms/-/ms-0.7.2.tgz",
          "resolved": "https://registry.npmjs.org/ms/-/ms-0.7.2.tgz"
        }
      }
    },
    "serve-static": {
      "version": "1.11.2",
      "from": "serve-static@https://registry.npmjs.org/serve-static/-/serve-static-1.11.2.tgz",
      "resolved": "https://registry.npmjs.org/serve-static/-/serve-static-1.11.2.tgz"
    },
    "setprototypeof": {
      "version": "1.0.2",
      "from": "setprototypeof@https://registry.npmjs.org/setprototypeof/-/setprototypeof-1.0.2.tgz",
      "resolved": "https://registry.npmjs.org/setprototypeof/-/setprototypeof-1.0.2.tgz"
    },
    "sliced": {
      "version": "1.0.1",
      "from": "sliced@https://registry.npmjs.org/sliced/-/sliced-1.0.1.tgz",
      "resolved": "https://registry.npmjs.org/sliced/-/sliced-1.0.1.tgz"
    },
    "statuses": {
      "version": "1.3.1",
      "from": "statuses@https://registry.npmjs.org/statuses/-/statuses-1.3.1.tgz",
      "resolved": "https://registry.npmjs.org/statuses/-/statuses-1.3.1.tgz"
    },
    "string_decoder": {
      "version": "1.0.3",
      "from": "string_decoder@https://registry.npmjs.org/string_decoder/-/string_decoder-1.0.3.tgz",
      "resolved": "https://registry.npmjs.org/string_decoder/-/string_decoder-1.0.3.tgz"
    },
    "type-is": {
      "version": "1.6.15",
      "from": "type-is@https://registry.npmjs.org/type-is/-/type-is-1.6.15.tgz",
      "resolved": "https://registry.npmjs.org/type-is/-/type-is-1.6.15.tgz"
    },
    "unpipe": {
      "version": "1.0.0",
      "from": "unpipe@https://registry.npmjs.org/unpipe/-/unpipe-1.0.0.tgz",
      "resolved": "https://registry.npmjs.org/unpipe/-/unpipe-1.0.0.tgz"
    },
    "util-deprecate": {
      "version": "1.0.2",
      "from": "util-deprecate@https://registry.npmjs.org/util-deprecate/-/util-deprecate-1.0.2.tgz",
      "resolved": "https://registry.npmjs.org/util-deprecate/-/util-deprecate-1.0.2.tgz"
    },
    "utils-merge": {
      "version": "1.0.0",
      "from": "utils-merge@https://registry.npmjs.org/utils-merge/-/utils-merge-1.0.0.tgz",
      "resolved": "https://registry.npmjs.org/utils-merge/-/utils-merge-1.0.0.tgz"
    },
    "vary": {
      "version": "1.1.1",
      "from": "vary@https://registry.npmjs.org/vary/-/vary-1.1.1.tgz",
      "resolved": "https://registry.npmjs.org/vary/-/vary-1.1.1.tgz"
    }
  }
}
